
Microsoft Visual Studio Solution File, Format Version 12.00
# Visual Studio 15
Project("{FAE04EC0-301F-11D3-BF4B-00C04F79EFBC}") = "Assembly-CSharp", "Assembly-CSharp.csproj", "{82963929-1F53-0F31-9C21-6CFBB33E6065}"
EndProject
Project("{FAE04EC0-301F-11D3-BF4B-00C04F79EFBC}") = "Assembly-CSharp-Editor-firstpass", "Assembly-CSharp-Editor-firstpass.csproj", "{CC9C0037-88FF-32FA-2012-E05CC81C80D5}"
EndProject
Global
	GlobalSection(SolutionConfigurationPlatforms) = preSolution
		Debug|Any CPU = Debug|Any CPU
		Release|Any CPU = Release|Any CPU
	EndGlobalSection
	GlobalSection(ProjectConfigurationPlatforms) = postSolution
		{82963929-1F53-0F31-9C21-6CFBB33E6065}.Debug|Any CPU.ActiveCfg = Debug|Any CPU
		{82963929-1F53-0F31-9C21-6CFBB33E6065}.Debug|Any CPU.Build.0 = Debug|Any CPU
		{82963929-1F53-0F31-9C21-6CFBB33E6065}.Release|Any CPU.ActiveCfg = Release|Any CPU
		{82963929-1F53-0F31-9C21-6CFBB33E6065}.Release|Any CPU.Build.0 = Release|Any CPU
		{CC9C0037-88FF-32FA-2012-E05CC81C80D5}.Debug|Any CPU.ActiveCfg = Debug|Any CPU
		{CC9C0037-88FF-32FA-2012-E05CC81C80D5}.Debug|Any CPU.Build.0 = Debug|Any CPU
		{CC9C0037-88FF-32FA-2012-E05CC81C80D5}.Release|Any CPU.ActiveCfg = Release|Any CPU
		{CC9C0037-88FF-32FA-2012-E05CC81C80D5}.Release|Any CPU.Build.0 = Release|Any CPU
	EndGlobalSection
	GlobalSection(SolutionProperties) = preSolution
		HideSolutionNode = FALSE
	EndGlobalSection
EndGlobal
